lockfileVersion: 5.4

specifiers:
  '@automapper/classes': ^8.7.7
  '@automapper/core': ^8.7.7
  '@automapper/nestjs': ^8.7.7

dependencies:
  '@automapper/classes': 8.7.7_@automapper+core@8.7.7
  '@automapper/core': 8.7.7
  '@automapper/nestjs': 8.7.7_@automapper+core@8.7.7

packages:

  /@automapper/classes/8.7.7_@automapper+core@8.7.7:
    resolution: {integrity: sha512-FSbvt6QE8XnhKKQZA3kpKLuLrr9x1iW+lNYTrawVLjxQ05zsCGccLxe7moMNrg1wFAVAouQKupFgCGQ7XRjmJw==}
    engines: {node: '>=14.0.0'}
    peerDependencies:
      '@automapper/core': 8.7.7
      reflect-metadata: ~0.1.13
    dependencies:
      '@automapper/core': 8.7.7
    dev: false

  /@automapper/core/8.7.7:
    resolution: {integrity: sha512-YfpDJ/xqwUuC0S+BLNk81ZJfeL7CmjirUX/Gk9eQyx146DKvneBZgeZ9v5rDB51Ti14jTxVHis+5JuT7W/q0TA==}
    engines: {node: '>=14.0.0'}
    dev: false

  /@automapper/nestjs/8.7.7_@automapper+core@8.7.7:
    resolution: {integrity: sha512-9/uYY2cmN7SJjr2QxnfyXsteHrn/RHD+Dg0VMBflzK/e8Bh/KWyOve7+kaFixlUoyHe44aXs2LVaCslqt8wnhQ==}
    engines: {node: '>=14.0.0'}
    peerDependencies:
      '@automapper/core': 8.7.7
      '@nestjs/common': ^7.0.0 || ^8.0.0 || ^9.0.0
      '@nestjs/core': ^7.0.0 || ^8.0.0  || ^9.0.0
    dependencies:
      '@automapper/core': 8.7.7
    dev: false
